
Microsoft Visual Studio Solution File, Format Version 12.00
# Visual Studio Version 17
VisualStudioVersion = 17.0.32014.148
MinimumVisualStudioVersion = 10.0.40219.1
Project("{FAE04EC0-301F-11D3-BF4B-00C04F79EFBC}") = "StrategyDesignPattern", "StrategyDesignPattern\StrategyDesignPattern.csproj", "{43508DF9-701F-4597-AB0E-DF171108D660}"
EndProject
Global
	GlobalSection(SolutionConfigurationPlatforms) = preSolution
		Debug|Any CPU = Debug|Any CPU
		Release|Any CPU = Release|Any CPU
	EndGlobalSection
	GlobalSection(ProjectConfigurationPlatforms) = postSolution
		{43508DF9-701F-4597-AB0E-DF171108D660}.Debug|Any CPU.ActiveCfg = Debug|Any CPU
		{43508DF9-701F-4597-AB0E-DF171108D660}.Debug|Any CPU.Build.0 = Debug|Any CPU
		{43508DF9-701F-4597-AB0E-DF171108D660}.Release|Any CPU.ActiveCfg = Release|Any CPU
		{43508DF9-701F-4597-AB0E-DF171108D660}.Release|Any CPU.Build.0 = Release|Any CPU
	EndGlobalSection
	GlobalSection(SolutionProperties) = preSolution
		HideSolutionNode = FALSE
	EndGlobalSection
	GlobalSection(ExtensibilityGlobals) = postSolution
		SolutionGuid = {D190EE78-2B93-4EFA-9652-ED730DDCBAC6}
	EndGlobalSection
EndGlobal
