
Microsoft Visual Studio Solution File, Format Version 12.00
# Visual Studio Version 16
VisualStudioVersion = 16.0.31112.23
MinimumVisualStudioVersion = 10.0.40219.1
Project("{FAE04EC0-301F-11D3-BF4B-00C04F79EFBC}") = "FactoryPattern", "FactoryPattern\FactoryPattern.csproj", "{04FB170C-6667-4188-978E-F5B1CCB09778}"
EndProject
Global
	GlobalSection(SolutionConfigurationPlatforms) = preSolution
		Debug|Any CPU = Debug|Any CPU
		Release|Any CPU = Release|Any CPU
	EndGlobalSection
	GlobalSection(ProjectConfigurationPlatforms) = postSolution
		{04FB170C-6667-4188-978E-F5B1CCB09778}.Debug|Any CPU.ActiveCfg = Debug|Any CPU
		{04FB170C-6667-4188-978E-F5B1CCB09778}.Debug|Any CPU.Build.0 = Debug|Any CPU
		{04FB170C-6667-4188-978E-F5B1CCB09778}.Release|Any CPU.ActiveCfg = Release|Any CPU
		{04FB170C-6667-4188-978E-F5B1CCB09778}.Release|Any CPU.Build.0 = Release|Any CPU
	EndGlobalSection
	GlobalSection(SolutionProperties) = preSolution
		HideSolutionNode = FALSE
	EndGlobalSection
	GlobalSection(ExtensibilityGlobals) = postSolution
		SolutionGuid = {E8AE4155-495B-4DD3-A605-DD77A5E87DE7}
	EndGlobalSection
EndGlobal
