
Microsoft Visual Studio Solution File, Format Version 12.00
# Visual Studio Version 16
VisualStudioVersion = 16.0.31112.23
MinimumVisualStudioVersion = 10.0.40219.1
Project("{FAE04EC0-301F-11D3-BF4B-00C04F79EFBC}") = "Template Patter", "Template Patter\Template Patter.csproj", "{7FD2CBBF-FB26-40F9-85B4-C41A53DCF842}"
EndProject
Global
	GlobalSection(SolutionConfigurationPlatforms) = preSolution
		Debug|Any CPU = Debug|Any CPU
		Release|Any CPU = Release|Any CPU
	EndGlobalSection
	GlobalSection(ProjectConfigurationPlatforms) = postSolution
		{7FD2CBBF-FB26-40F9-85B4-C41A53DCF842}.Debug|Any CPU.ActiveCfg = Debug|Any CPU
		{7FD2CBBF-FB26-40F9-85B4-C41A53DCF842}.Debug|Any CPU.Build.0 = Debug|Any CPU
		{7FD2CBBF-FB26-40F9-85B4-C41A53DCF842}.Release|Any CPU.ActiveCfg = Release|Any CPU
		{7FD2CBBF-FB26-40F9-85B4-C41A53DCF842}.Release|Any CPU.Build.0 = Release|Any CPU
	EndGlobalSection
	GlobalSection(SolutionProperties) = preSolution
		HideSolutionNode = FALSE
	EndGlobalSection
	GlobalSection(ExtensibilityGlobals) = postSolution
		SolutionGuid = {99F401D2-1FAC-4DB2-A940-D8BFDFF49996}
	EndGlobalSection
EndGlobal
