
Microsoft Visual Studio Solution File, Format Version 12.00
# Visual Studio Version 17
VisualStudioVersion = 17.0.32014.148
MinimumVisualStudioVersion = 10.0.40219.1
Project("{FAE04EC0-301F-11D3-BF4B-00C04F79EFBC}") = "StateDesignPattern", "StateDesignPattern\StateDesignPattern.csproj", "{EB085E16-0702-4AA6-BF16-60E9654116BE}"
EndProject
Global
	GlobalSection(SolutionConfigurationPlatforms) = preSolution
		Debug|Any CPU = Debug|Any CPU
		Release|Any CPU = Release|Any CPU
	EndGlobalSection
	GlobalSection(ProjectConfigurationPlatforms) = postSolution
		{EB085E16-0702-4AA6-BF16-60E9654116BE}.Debug|Any CPU.ActiveCfg = Debug|Any CPU
		{EB085E16-0702-4AA6-BF16-60E9654116BE}.Debug|Any CPU.Build.0 = Debug|Any CPU
		{EB085E16-0702-4AA6-BF16-60E9654116BE}.Release|Any CPU.ActiveCfg = Release|Any CPU
		{EB085E16-0702-4AA6-BF16-60E9654116BE}.Release|Any CPU.Build.0 = Release|Any CPU
	EndGlobalSection
	GlobalSection(SolutionProperties) = preSolution
		HideSolutionNode = FALSE
	EndGlobalSection
	GlobalSection(ExtensibilityGlobals) = postSolution
		SolutionGuid = {62FC5AD1-EAAA-4A6E-B45E-650E72AC6F74}
	EndGlobalSection
EndGlobal
