
Microsoft Visual Studio Solution File, Format Version 12.00
# Visual Studio Version 16
VisualStudioVersion = 16.0.31112.23
MinimumVisualStudioVersion = 10.0.40219.1
Project("{FAE04EC0-301F-11D3-BF4B-00C04F79EFBC}") = "MediatorDesignPattern", "MediatorDesignPattern\MediatorDesignPattern.csproj", "{16FBF96D-5438-42C0-B99F-9CAF60A61AFA}"
EndProject
Global
	GlobalSection(SolutionConfigurationPlatforms) = preSolution
		Debug|Any CPU = Debug|Any CPU
		Release|Any CPU = Release|Any CPU
	EndGlobalSection
	GlobalSection(ProjectConfigurationPlatforms) = postSolution
		{16FBF96D-5438-42C0-B99F-9CAF60A61AFA}.Debug|Any CPU.ActiveCfg = Debug|Any CPU
		{16FBF96D-5438-42C0-B99F-9CAF60A61AFA}.Debug|Any CPU.Build.0 = Debug|Any CPU
		{16FBF96D-5438-42C0-B99F-9CAF60A61AFA}.Release|Any CPU.ActiveCfg = Release|Any CPU
		{16FBF96D-5438-42C0-B99F-9CAF60A61AFA}.Release|Any CPU.Build.0 = Release|Any CPU
	EndGlobalSection
	GlobalSection(SolutionProperties) = preSolution
		HideSolutionNode = FALSE
	EndGlobalSection
	GlobalSection(ExtensibilityGlobals) = postSolution
		SolutionGuid = {14CF302F-4B57-447C-8C96-DEE1659E8C18}
	EndGlobalSection
EndGlobal
