
Microsoft Visual Studio Solution File, Format Version 12.00
# Visual Studio Version 17
VisualStudioVersion = 17.0.32014.148
MinimumVisualStudioVersion = 10.0.40219.1
Project("{FAE04EC0-301F-11D3-BF4B-00C04F79EFBC}") = "IteratorDesignPattern", "IteratorDesignPattern\IteratorDesignPattern.csproj", "{D7FC4595-AA26-4013-9BD3-D68E6C85BE6F}"
EndProject
Global
	GlobalSection(SolutionConfigurationPlatforms) = preSolution
		Debug|Any CPU = Debug|Any CPU
		Release|Any CPU = Release|Any CPU
	EndGlobalSection
	GlobalSection(ProjectConfigurationPlatforms) = postSolution
		{D7FC4595-AA26-4013-9BD3-D68E6C85BE6F}.Debug|Any CPU.ActiveCfg = Debug|Any CPU
		{D7FC4595-AA26-4013-9BD3-D68E6C85BE6F}.Debug|Any CPU.Build.0 = Debug|Any CPU
		{D7FC4595-AA26-4013-9BD3-D68E6C85BE6F}.Release|Any CPU.ActiveCfg = Release|Any CPU
		{D7FC4595-AA26-4013-9BD3-D68E6C85BE6F}.Release|Any CPU.Build.0 = Release|Any CPU
	EndGlobalSection
	GlobalSection(SolutionProperties) = preSolution
		HideSolutionNode = FALSE
	EndGlobalSection
	GlobalSection(ExtensibilityGlobals) = postSolution
		SolutionGuid = {6F1D34A5-14DC-4B3E-A919-D6A7298A0E7A}
	EndGlobalSection
EndGlobal
